<?xml version="1.0" encoding="utf-8"?>
<Project ToolsVersion="4.0" xmlns="http://schemas.microsoft.com/developer/msbuild/2003">
  <ItemGroup>
    <Filter Include="Source Files">
      <UniqueIdentifier>{4FC737F1-C7A5-4376-A066-2A32D752A2FF}</UniqueIdentifier>
      <Extensions>cpp;c;cxx;def;odl;idl;hpj;bat;asm;asmx</Extensions>
    </Filter>
    <Filter Include="Header Files">
      <UniqueIdentifier>{93995380-89BD-4b04-88EB-625FBE52EBFB}</UniqueIdentifier>
      <Extensions>h;hpp;hxx;hm;inl;inc;xsd</Extensions>
    </Filter>
    <Filter Include="Resource Files">
      <UniqueIdentifier>{67DA6AB6-F800-4c08-8B7A-83BB121AAD01}</UniqueIdentifier>
      <Extensions>rc;ico;cur;bmp;dlg;rc2;rct;bin;rgs;gif;jpg;jpeg;jpe;resx</Extensions>
    </Filter>
    <Filter Include="Install">
      <UniqueIdentifier>{d582bd23-4d0d-4de1-838a-b552cdcd150a}</UniqueIdentifier>
    </Filter>
    <Filter Include="Install\Licenses">
      <UniqueIdentifier>{18223e67-f6f9-4aa8-8566-c1c0af80a312}</UniqueIdentifier>
    </Filter>
  </ItemGroup>
  <ItemGroup>
    <ClCompile Include="AboutDialog.cpp">
      <Filter>Source Files</Filter>
    </ClCompile>
    <ClCompile Include="AssemblyInfo.cpp">
      <Filter>Source Files</Filter>
    </ClCompile>
    <ClCompile Include="ConfigPage.cpp">
      <Filter>Source Files</Filter>
    </ClCompile>
    <ClCompile Include="ControlPage.cpp">
      <Filter>Source Files</Filter>
    </ClCompile>
    <ClCompile Include="DebugLog.cpp">
      <Filter>Source Files</Filter>
    </ClCompile>
    <ClCompile Include="ForwardInfo.cpp">
      <Filter>Source Files</Filter>
    </ClCompile>
    <ClCompile Include="Installer.cpp">
      <Filter>Source Files</Filter>
    </ClCompile>
    <ClCompile Include="LogDetail.cpp">
      <Filter>Source Files</Filter>
    </ClCompile>
    <ClCompile Include="PassPortWinService.cpp">
      <Filter>Source Files</Filter>
    </ClCompile>
    <ClCompile Include="PortForwarder.cpp">
      <Filter>Source Files</Filter>
    </ClCompile>
    <ClCompile Include="stdafx.cpp">
      <Filter>Source Files</Filter>
    </ClCompile>
  </ItemGroup>
  <ItemGroup>
    <ClInclude Include="AboutDialog.h">
      <Filter>Header Files</Filter>
    </ClInclude>
    <ClInclude Include="ConfigPage.h">
      <Filter>Header Files</Filter>
    </ClInclude>
    <ClInclude Include="constants.h">
      <Filter>Header Files</Filter>
    </ClInclude>
    <ClInclude Include="ControlPage.h">
      <Filter>Header Files</Filter>
    </ClInclude>
    <ClInclude Include="DebugLog.h">
      <Filter>Header Files</Filter>
    </ClInclude>
    <ClInclude Include="ForwardInfo.h">
      <Filter>Header Files</Filter>
    </ClInclude>
    <ClInclude Include="Installer.h">
      <Filter>Header Files</Filter>
    </ClInclude>
    <ClInclude Include="LogDetail.h">
      <Filter>Header Files</Filter>
    </ClInclude>
    <ClInclude Include="PassPortWinService.h">
      <Filter>Header Files</Filter>
    </ClInclude>
    <ClInclude Include="PortForwarder.h">
      <Filter>Header Files</Filter>
    </ClInclude>
    <ClInclude Include="resource.h">
      <Filter>Header Files</Filter>
    </ClInclude>
    <ClInclude Include="stdafx.h">
      <Filter>Header Files</Filter>
    </ClInclude>
  </ItemGroup>
  <ItemGroup>
    <Image Include="app.ico">
      <Filter>Resource Files</Filter>
    </Image>
  </ItemGroup>
  <ItemGroup>
    <ResourceCompile Include="app.rc">
      <Filter>Resource Files</Filter>
    </ResourceCompile>
  </ItemGroup>
  <ItemGroup>
    <Text Include="COPYING.txt">
      <Filter>Resource Files</Filter>
    </Text>
    <Text Include="README.txt">
      <Filter>Resource Files</Filter>
    </Text>
    <Text Include="Install\README.txt">
      <Filter>Install</Filter>
    </Text>
  </ItemGroup>
  <ItemGroup>
    <None Include="Install\build-msi.cmd">
      <Filter>Install</Filter>
    </None>
    <None Include="Install\PassPort.wxs">
      <Filter>Install</Filter>
    </None>
    <None Include="Install\Licenses\GNU General Public License (GPL) 2.0.rtf">
      <Filter>Install\Licenses</Filter>
    </None>
  </ItemGroup>
</Project>